# THIS IS AN AUTOGENERATED FILE. DO NOT EDIT THIS FILE DIRECTLY.
# yarn lockfile v1


"@stablelib/binary@^1.0.1":
  version "1.0.1"
  resolved "https://registry.yarnpkg.com/@stablelib/binary/-/binary-1.0.1.tgz#c5900b94368baf00f811da5bdb1610963dfddf7f"
  dependencies:
    "@stablelib/int" "^1.0.1"

"@stablelib/blake2b@^1.0.1":
  version "1.0.1"
  resolved "https://registry.yarnpkg.com/@stablelib/blake2b/-/blake2b-1.0.1.tgz#0045a77e182c4cf3260bc9b533fc4cd5c287f8ea"
  dependencies:
    "@stablelib/binary" "^1.0.1"
    "@stablelib/hash" "^1.0.1"
    "@stablelib/wipe" "^1.0.1"

"@stablelib/bytes@^1.0.1":
  version "1.0.1"
  resolved "https://registry.yarnpkg.com/@stablelib/bytes/-/bytes-1.0.1.tgz#0f4aa7b03df3080b878c7dea927d01f42d6a20d8"
  integrity sha512-Kre4Y4kdwuqL8BR2E9hV/R5sOrUj6NanZaZis0V6lX5yzqC3hBuVSDXUIBqQv/sCpmuWRiHLwqiT1pqqjuBXoQ==

"@stablelib/constant-time@^1.0.1":
  version "1.0.1"
  resolved "https://registry.yarnpkg.com/@stablelib/constant-time/-/constant-time-1.0.1.tgz#bde361465e1cf7b9753061b77e376b0ca4c77e35"
  integrity sha512-tNOs3uD0vSJcK6z1fvef4Y+buN7DXhzHDPqRLSXUel1UfqMB1PWNsnnAezrKfEwTLpN0cGH2p9NNjs6IqeD0eg==

"@stablelib/ed25519@^1.0.2":
  version "1.0.2"
  resolved "https://registry.yarnpkg.com/@stablelib/ed25519/-/ed25519-1.0.2.tgz#937a88a2f73a71d9bdc3ea276efe8954776ae0f4"
  dependencies:
    "@stablelib/random" "^1.0.1"
    "@stablelib/sha512" "^1.0.1"
    "@stablelib/wipe" "^1.0.1"

"@stablelib/hash@^1.0.1":
  version "1.0.1"
  resolved "https://registry.yarnpkg.com/@stablelib/hash/-/hash-1.0.1.tgz#3c944403ff2239fad8ebb9015e33e98444058bc5"

"@stablelib/int@^1.0.1":
  version "1.0.1"
  resolved "https://registry.yarnpkg.com/@stablelib/int/-/int-1.0.1.tgz#75928cc25d59d73d75ae361f02128588c15fd008"

"@stablelib/keyagreement@^1.0.1":
  version "1.0.1"
  resolved "https://registry.yarnpkg.com/@stablelib/keyagreement/-/keyagreement-1.0.1.tgz#4612efb0a30989deb437cd352cee637ca41fc50f"
  integrity sha512-VKL6xBwgJnI6l1jKrBAfn265cspaWBPAPEc62VBQrWHLqVgNRE09gQ/AnOEyKUWrrqfD+xSQ3u42gJjLDdMDQg==
  dependencies:
    "@stablelib/bytes" "^1.0.1"

"@stablelib/nacl@^1.0.2":
  version "1.0.3"
  resolved "https://registry.yarnpkg.com/@stablelib/nacl/-/nacl-1.0.3.tgz#e1ad2a48c47809e475a07d35692cd41f79e39990"
  integrity sha512-ZdDGRo4s6ke2rdhwwna5SAikU48AQRNqPPbJ29ZSC781SMUMPpkixKpyZG+NfYhMkFSJ0ZRlFdKW+/ksmpVHWA==
  dependencies:
    "@stablelib/poly1305" "^1.0.1"
    "@stablelib/random" "^1.0.1"
    "@stablelib/wipe" "^1.0.1"
    "@stablelib/x25519" "^1.0.2"
    "@stablelib/xsalsa20" "^1.0.2"

"@stablelib/poly1305@^1.0.1":
  version "1.0.1"
  resolved "https://registry.yarnpkg.com/@stablelib/poly1305/-/poly1305-1.0.1.tgz#93bfb836c9384685d33d70080718deae4ddef1dc"
  integrity sha512-1HlG3oTSuQDOhSnLwJRKeTRSAdFNVB/1djy2ZbS35rBSJ/PFqx9cf9qatinWghC2UbfOYD8AcrtbUQl8WoxabA==
  dependencies:
    "@stablelib/constant-time" "^1.0.1"
    "@stablelib/wipe" "^1.0.1"

"@stablelib/random@^1.0.1":
  version "1.0.1"
  resolved "https://registry.yarnpkg.com/@stablelib/random/-/random-1.0.1.tgz#4357a00cb1249d484a9a71e6054bc7b8324a7009"
  dependencies:
    "@stablelib/binary" "^1.0.1"
    "@stablelib/wipe" "^1.0.1"

"@stablelib/salsa20@^1.0.2":
  version "1.0.2"
  resolved "https://registry.yarnpkg.com/@stablelib/salsa20/-/salsa20-1.0.2.tgz#95177331f89a59d1c90f153f53265c925d4de138"
  integrity sha512-nfjKzw0KTKrrKBasEP+j7UP4I8Xudom8lVZIBCp0kQNARXq72IlSic0oabg2FC1NU68L4RdHrNJDd8bFwrphYA==
  dependencies:
    "@stablelib/binary" "^1.0.1"
    "@stablelib/constant-time" "^1.0.1"
    "@stablelib/wipe" "^1.0.1"

"@stablelib/sha512@^1.0.1":
  version "1.0.1"
  resolved "https://registry.yarnpkg.com/@stablelib/sha512/-/sha512-1.0.1.tgz#6da700c901c2c0ceacbd3ae122a38ac57c72145f"
  dependencies:
    "@stablelib/binary" "^1.0.1"
    "@stablelib/hash" "^1.0.1"
    "@stablelib/wipe" "^1.0.1"

"@stablelib/wipe@^1.0.1":
  version "1.0.1"
  resolved "https://registry.yarnpkg.com/@stablelib/wipe/-/wipe-1.0.1.tgz#d21401f1d59ade56a62e139462a97f104ed19a36"

"@stablelib/x25519@^1.0.2":
  version "1.0.2"
  resolved "https://registry.yarnpkg.com/@stablelib/x25519/-/x25519-1.0.2.tgz#ae21e2ab668076ec2eb2b4853b82a27fab045fa1"
  integrity sha512-wTR0t0Bp1HABLFRbYaE3vFLuco2QbAg6QvxBnzi5j9qjhYezWHW7OiCZyaWbt25UkSaoolUUT4Il0nS/2vcbSw==
  dependencies:
    "@stablelib/keyagreement" "^1.0.1"
    "@stablelib/random" "^1.0.1"
    "@stablelib/wipe" "^1.0.1"

"@stablelib/xsalsa20@^1.0.2":
  version "1.0.2"
  resolved "https://registry.yarnpkg.com/@stablelib/xsalsa20/-/xsalsa20-1.0.2.tgz#89efc22a7ba432880ef11d876fdeba13529ccdc4"
  integrity sha512-7XdBGbcNgBShmuhDXv1G1WPVCkjZdkb1oPMzSidO7Fve0MHntH6TjFkj5bfLI+aRE+61weO076vYpP/jmaAYog==
  dependencies:
    "@stablelib/binary" "^1.0.1"
    "@stablelib/salsa20" "^1.0.2"
    "@stablelib/wipe" "^1.0.1"

"@taquito/http-utils@^11.2.0":
  version "11.2.0"
  resolved "https://registry.yarnpkg.com/@taquito/http-utils/-/http-utils-11.2.0.tgz#36778bd75fc1272111c9ee48dc3337209a7fca7f"
  dependencies:
    xhr2-cookies "^1.1.0"

"@taquito/http-utils@^12.0.0":
  version "12.0.0"
  resolved "https://registry.yarnpkg.com/@taquito/http-utils/-/http-utils-12.0.0.tgz#9be693d56847cba0c1a8be6ffee9e8148f3928c2"
  integrity sha512-sKi1hgEw4/mopeuixe09l9rkYBz0njyqz4Si+oCnReOOQMTZ8KuDOpnbshD0isZl5L13q+WQmgusxcEJc02Gdg==
  dependencies:
    axios "^0.26.0"

"@taquito/local-forging@^12.0.0":
  version "12.0.0"
  resolved "https://registry.yarnpkg.com/@taquito/local-forging/-/local-forging-12.0.0.tgz#0cd63a3c8972c435b62924bf24489b4217810720"
  integrity sha512-sXF8aMLSq8Queaz309YTC7KUWrK5TUlSuU4e6xGXwNAP3/uCs1oLbncKt0Vp5gqcaH4WtWblymFKkrHjqXyiqw==
  dependencies:
    "@taquito/utils" "^12.0.0"
    bignumber.js "^9.0.2"

"@taquito/michel-codec@^12.0.0":
  version "12.0.0"
  resolved "https://registry.yarnpkg.com/@taquito/michel-codec/-/michel-codec-12.0.0.tgz#653dfb73e77657a616d40a904c26a557ce6a743f"
  integrity sha512-pItDI2Tv8lGqUC7TqbLT1Y1CplRekx8ZPLorINMVVWR1pl3XSqcAx1JQcxAzVFyx/We6IMlh4Nw29dWqoKW14Q==

"@taquito/michelson-encoder@^12.0.0":
  version "12.0.0"
  resolved "https://registry.yarnpkg.com/@taquito/michelson-encoder/-/michelson-encoder-12.0.0.tgz#1fee2e6875822f6fbab9434bb39c25ba8e0ea5e6"
  integrity sha512-H5ICectqdThfOPce5wIqS3u7lTT8rzlUnIvCIrgVOw+mJxdX8xSe5oskrWJlcYmncW6SQNAzHm51oq5KaMDAGg==
  dependencies:
    "@taquito/rpc" "^12.0.0"
    "@taquito/utils" "^12.0.0"
    bignumber.js "^9.0.2"
    fast-json-stable-stringify "^2.1.0"

"@taquito/rpc@^11.2.0":
  version "11.2.0"
  resolved "https://registry.yarnpkg.com/@taquito/rpc/-/rpc-11.2.0.tgz#5f92c306d38fdccfea5b6edbc14d3f632df0f981"
  dependencies:
    "@taquito/http-utils" "^11.2.0"
    "@taquito/utils" "^11.2.0"
    bignumber.js "^9.0.2"

"@taquito/rpc@^12.0.0":
  version "12.0.0"
  resolved "https://registry.yarnpkg.com/@taquito/rpc/-/rpc-12.0.0.tgz#5cf977a73c69ea1155f06e4605154eefbe5a3469"
  integrity sha512-rpGUD+0vXkw+Ns9UI7tr7FZ9GhXwnOpvuMy4nxGOJb5pPp0DpCe7Pdd/6/kI0O41L6uNNmNc1Ne8DVDEBeAd9Q==
  dependencies:
    "@taquito/http-utils" "^12.0.0"
    "@taquito/utils" "^12.0.0"
    bignumber.js "^9.0.2"

"@taquito/signer@^12.0.0":
  version "12.0.0"
  resolved "https://registry.yarnpkg.com/@taquito/signer/-/signer-12.0.0.tgz#ad2403c5289613c06a8e1daea57c621397847a12"
  integrity sha512-6B4fd2Gul9kflRFjUZJqFOFHN14ZR6xmkq4WOdXkwNXgEOW8ZjhPuirLs4v987TkdUfm/rC1ZNHumeeroOnmTA==
  dependencies:
    "@stablelib/blake2b" "^1.0.1"
    "@stablelib/ed25519" "^1.0.2"
    "@stablelib/nacl" "^1.0.2"
    "@taquito/taquito" "^12.0.0"
    "@taquito/utils" "^12.0.0"
    elliptic "^6.5.4"
    pbkdf2 "^3.1.2"
    typedarray-to-buffer "^4.0.0"

"@taquito/taquito@^12.0.0":
  version "12.0.0"
  resolved "https://registry.yarnpkg.com/@taquito/taquito/-/taquito-12.0.0.tgz#6052aaec5c1fb0427a3deb6a734d0acdb6dbf034"
  integrity sha512-KWKSOCxDW6GG9Hpj50YE35z/l3ISnms90ev8nMICWFdEJd8IHQqj1NQ3/3zCmNn9E/ZLrve3uTHY9RbP7VmeKg==
  dependencies:
    "@taquito/http-utils" "^12.0.0"
    "@taquito/local-forging" "^12.0.0"
    "@taquito/michel-codec" "^12.0.0"
    "@taquito/michelson-encoder" "^12.0.0"
    "@taquito/rpc" "^12.0.0"
    "@taquito/utils" "^12.0.0"
    bignumber.js "^9.0.2"
    rxjs "^6.6.3"

"@taquito/utils@^11.2.0":
  version "11.2.0"
  resolved "https://registry.yarnpkg.com/@taquito/utils/-/utils-11.2.0.tgz#19341a5222e078f70f3181692de75cb853ca02ee"
  dependencies:
    "@stablelib/blake2b" "^1.0.1"
    "@stablelib/ed25519" "^1.0.2"
    "@types/bs58check" "^2.1.0"
    blakejs "^1.1.1"
    bs58check "^2.1.2"
    buffer "^6.0.3"
    elliptic "^6.5.4"
    typedarray-to-buffer "^4.0.0"

"@taquito/utils@^12.0.0":
  version "12.0.0"
  resolved "https://registry.yarnpkg.com/@taquito/utils/-/utils-12.0.0.tgz#de326605a5dd5502ebfed9da12d3bbfafd906d5f"
  integrity sha512-CZSFxuYBC0EQpm/jXfSnT1hQ0chbDnvKdoXm928DagN91yCHhaMFIy8XtNq6TBWrOKbth1hqoi2a/vswuCCuMQ==
  dependencies:
    "@stablelib/blake2b" "^1.0.1"
    "@stablelib/ed25519" "^1.0.2"
    "@types/bs58check" "^2.1.0"
    blakejs "^1.1.1"
    bs58check "^2.1.2"
    buffer "^6.0.3"
    elliptic "^6.5.4"
    typedarray-to-buffer "^4.0.0"

"@types/bs58check@^2.1.0":
  version "2.1.0"
  resolved "https://registry.yarnpkg.com/@types/bs58check/-/bs58check-2.1.0.tgz#7d25a8b88fe7a9e315d2647335ee3c43c8fdb0c0"
  dependencies:
    "@types/node" "*"

"@types/node@*":
  version "17.0.21"
  resolved "https://registry.yarnpkg.com/@types/node/-/node-17.0.21.tgz#864b987c0c68d07b4345845c3e63b75edd143644"

"@types/node@^17.0.23":
  version "17.0.23"
  resolved "https://registry.yarnpkg.com/@types/node/-/node-17.0.23.tgz#3b41a6e643589ac6442bdbd7a4a3ded62f33f7da"
  integrity sha512-UxDxWn7dl97rKVeVS61vErvw086aCYhDLyvRQZ5Rk65rZKepaFdm53GeqXaKBuOhED4e9uWq34IC3TdSdJJ2Gw==

ansi-regex@^5.0.1:
  version "5.0.1"
  resolved "https://registry.yarnpkg.com/ansi-regex/-/ansi-regex-5.0.1.tgz#082cb2c89c9fe8659a311a53bd6a4dc5301db304"

ansi-styles@^4.1.0:
  version "4.3.0"
  resolved "https://registry.yarnpkg.com/ansi-styles/-/ansi-styles-4.3.0.tgz#edd803628ae71c04c85ae7a0906edad34b648937"
  dependencies:
    color-convert "^2.0.1"

axios@^0.26.0:
  version "0.26.1"
  resolved "https://registry.yarnpkg.com/axios/-/axios-0.26.1.tgz#1ede41c51fcf51bbbd6fd43669caaa4f0495aaa9"
  integrity sha512-fPwcX4EvnSHuInCMItEhAGnaSEXRBjtzh9fOtsE6E1G6p7vl7edEeZe11QHf18+6+9gR5PbKV/sGKNaD8YaMeA==
  dependencies:
    follow-redirects "^1.14.8"

base-x@^3.0.2:
  version "3.0.9"
  resolved "https://registry.yarnpkg.com/base-x/-/base-x-3.0.9.tgz#6349aaabb58526332de9f60995e548a53fe21320"
  dependencies:
    safe-buffer "^5.0.1"

base64-js@^1.3.1:
  version "1.5.1"
  resolved "https://registry.yarnpkg.com/base64-js/-/base64-js-1.5.1.tgz#1b1b440160a5bf7ad40b650f095963481903930a"

bignumber.js@^9.0.2:
  version "9.0.2"
  resolved "https://registry.yarnpkg.com/bignumber.js/-/bignumber.js-9.0.2.tgz#71c6c6bed38de64e24a65ebe16cfcf23ae693673"

blakejs@^1.1.1:
  version "1.1.1"
  resolved "https://registry.yarnpkg.com/blakejs/-/blakejs-1.1.1.tgz#bf313053978b2cd4c444a48795710be05c785702"

bn.js@^4.11.9:
  version "4.12.0"
  resolved "https://registry.yarnpkg.com/bn.js/-/bn.js-4.12.0.tgz#775b3f278efbb9718eec7361f483fb36fbbfea88"

brorand@^1.1.0:
  version "1.1.0"
  resolved "https://registry.yarnpkg.com/brorand/-/brorand-1.1.0.tgz#12c25efe40a45e3c323eb8675a0a0ce57b22371f"

bs58@^4.0.0:
  version "4.0.1"
  resolved "https://registry.yarnpkg.com/bs58/-/bs58-4.0.1.tgz#be161e76c354f6f788ae4071f63f34e8c4f0a42a"
  dependencies:
    base-x "^3.0.2"

bs58check@^2.1.2:
  version "2.1.2"
  resolved "https://registry.yarnpkg.com/bs58check/-/bs58check-2.1.2.tgz#53b018291228d82a5aa08e7d796fdafda54aebfc"
  dependencies:
    bs58 "^4.0.0"
    create-hash "^1.1.0"
    safe-buffer "^5.1.2"

buffer@^6.0.3:
  version "6.0.3"
  resolved "https://registry.yarnpkg.com/buffer/-/buffer-6.0.3.tgz#2ace578459cc8fbe2a70aaa8f52ee63b6a74c6c6"
  dependencies:
    base64-js "^1.3.1"
    ieee754 "^1.2.1"

chalk@^4.0.0:
  version "4.1.2"
  resolved "https://registry.yarnpkg.com/chalk/-/chalk-4.1.2.tgz#aac4e2b7734a740867aeb16bf02aad556a1e7a01"
  dependencies:
    ansi-styles "^4.1.0"
    supports-color "^7.1.0"

cipher-base@^1.0.1, cipher-base@^1.0.3:
  version "1.0.4"
  resolved "https://registry.yarnpkg.com/cipher-base/-/cipher-base-1.0.4.tgz#8760e4ecc272f4c363532f926d874aae2c1397de"
  dependencies:
    inherits "^2.0.1"
    safe-buffer "^5.0.1"

cmd-ts@^0.10.0:
  version "0.10.0"
  resolved "https://registry.yarnpkg.com/cmd-ts/-/cmd-ts-0.10.0.tgz#bde0e00431477fdfe10bc222f0ae3edd654d8701"
  dependencies:
    chalk "^4.0.0"
    debug "^4.1.1"
    didyoumean "^1.2.1"
    strip-ansi "^6.0.0"

color-convert@^2.0.1:
  version "2.0.1"
  resolved "https://registry.yarnpkg.com/color-convert/-/color-convert-2.0.1.tgz#72d3a68d598c9bdb3af2ad1e84f21d896abd4de3"
  dependencies:
    color-name "~1.1.4"

color-name@~1.1.4:
  version "1.1.4"
  resolved "https://registry.yarnpkg.com/color-name/-/color-name-1.1.4.tgz#c2a09a87acbde69543de6f63fa3995c826c536a2"

cookiejar@^2.1.1:
  version "2.1.3"
  resolved "https://registry.yarnpkg.com/cookiejar/-/cookiejar-2.1.3.tgz#fc7a6216e408e74414b90230050842dacda75acc"

create-hash@^1.1.0, create-hash@^1.1.2:
  version "1.2.0"
  resolved "https://registry.yarnpkg.com/create-hash/-/create-hash-1.2.0.tgz#889078af11a63756bcfb59bd221996be3a9ef196"
  dependencies:
    cipher-base "^1.0.1"
    inherits "^2.0.1"
    md5.js "^1.3.4"
    ripemd160 "^2.0.1"
    sha.js "^2.4.0"

create-hmac@^1.1.4:
  version "1.1.7"
  resolved "https://registry.yarnpkg.com/create-hmac/-/create-hmac-1.1.7.tgz#69170c78b3ab957147b2b8b04572e47ead2243ff"
  integrity sha512-MJG9liiZ+ogc4TzUwuvbER1JRdgvUFSB5+VR/g5h82fGaIRWMWddtKBHi7/sVhfjQZ6SehlyhvQYrcYkaUIpLg==
  dependencies:
    cipher-base "^1.0.3"
    create-hash "^1.1.0"
    inherits "^2.0.1"
    ripemd160 "^2.0.0"
    safe-buffer "^5.0.1"
    sha.js "^2.4.8"

debug@^4.1.1:
  version "4.3.3"
  resolved "https://registry.yarnpkg.com/debug/-/debug-4.3.3.tgz#04266e0b70a98d4462e6e288e38259213332b664"
  dependencies:
    ms "2.1.2"

didyoumean@^1.2.1:
  version "1.2.2"
  resolved "https://registry.yarnpkg.com/didyoumean/-/didyoumean-1.2.2.tgz#989346ffe9e839b4555ecf5666edea0d3e8ad037"

elliptic@^6.5.4:
  version "6.5.4"
  resolved "https://registry.yarnpkg.com/elliptic/-/elliptic-6.5.4.tgz#da37cebd31e79a1367e941b592ed1fbebd58abbb"
  dependencies:
    bn.js "^4.11.9"
    brorand "^1.1.0"
    hash.js "^1.0.0"
    hmac-drbg "^1.0.1"
    inherits "^2.0.4"
    minimalistic-assert "^1.0.1"
    minimalistic-crypto-utils "^1.0.1"

fast-json-stable-stringify@^2.1.0:
  version "2.1.0"
  resolved "https://registry.yarnpkg.com/fast-json-stable-stringify/-/fast-json-stable-stringify-2.1.0.tgz#874bf69c6f404c2b5d99c481341399fd55892633"
  integrity sha512-lhd/wF+Lk98HZoTCtlVraHtfh5XYijIjalXck7saUtuanSDyLMxnHhSXEDJqHxD7msR8D0uCmqlkwjCV8xvwHw==

follow-redirects@^1.14.8:
  version "1.14.9"
  resolved "https://registry.yarnpkg.com/follow-redirects/-/follow-redirects-1.14.9.tgz#dd4ea157de7bfaf9ea9b3fbd85aa16951f78d8d7"
  integrity sha512-MQDfihBQYMcyy5dhRDJUHcw7lb2Pv/TuE6xP1vyraLukNDHKbDxDNaOE3NbCAdKQApno+GPRyo1YAp89yCjK4w==

has-flag@^4.0.0:
  version "4.0.0"
  resolved "https://registry.yarnpkg.com/has-flag/-/has-flag-4.0.0.tgz#944771fd9c81c81265c4d6941860da06bb59479b"

hash-base@^3.0.0:
  version "3.1.0"
  resolved "https://registry.yarnpkg.com/hash-base/-/hash-base-3.1.0.tgz#55c381d9e06e1d2997a883b4a3fddfe7f0d3af33"
  dependencies:
    inherits "^2.0.4"
    readable-stream "^3.6.0"
    safe-buffer "^5.2.0"

hash.js@^1.0.0, hash.js@^1.0.3:
  version "1.1.7"
  resolved "https://registry.yarnpkg.com/hash.js/-/hash.js-1.1.7.tgz#0babca538e8d4ee4a0f8988d68866537a003cf42"
  dependencies:
    inherits "^2.0.3"
    minimalistic-assert "^1.0.1"

hmac-drbg@^1.0.1:
  version "1.0.1"
  resolved "https://registry.yarnpkg.com/hmac-drbg/-/hmac-drbg-1.0.1.tgz#d2745701025a6c775a6c545793ed502fc0c649a1"
  dependencies:
    hash.js "^1.0.3"
    minimalistic-assert "^1.0.0"
    minimalistic-crypto-utils "^1.0.1"

ieee754@^1.2.1:
  version "1.2.1"
  resolved "https://registry.yarnpkg.com/ieee754/-/ieee754-1.2.1.tgz#8eb7a10a63fff25d15a57b001586d177d1b0d352"

inherits@^2.0.1, inherits@^2.0.3, inherits@^2.0.4:
  version "2.0.4"
  resolved "https://registry.yarnpkg.com/inherits/-/inherits-2.0.4.tgz#0fa2c64f932917c3433a0ded55363aae37416b7c"

js-sha256@^0.9.0:
  version "0.9.0"
  resolved "https://registry.yarnpkg.com/js-sha256/-/js-sha256-0.9.0.tgz#0b89ac166583e91ef9123644bd3c5334ce9d0966"
  integrity sha512-sga3MHh9sgQN2+pJ9VYZ+1LPwXOxuBJBA5nrR5/ofPfuiJBE2hnjsaN8se8JznOmGLN2p49Pe5U/ttafcs/apA==

md5.js@^1.3.4:
  version "1.3.5"
  resolved "https://registry.yarnpkg.com/md5.js/-/md5.js-1.3.5.tgz#b5d07b8e3216e3e27cd728d72f70d1e6a342005f"
  dependencies:
    hash-base "^3.0.0"
    inherits "^2.0.1"
    safe-buffer "^5.1.2"

minimalistic-assert@^1.0.0, minimalistic-assert@^1.0.1:
  version "1.0.1"
  resolved "https://registry.yarnpkg.com/minimalistic-assert/-/minimalistic-assert-1.0.1.tgz#2e194de044626d4a10e7f7fbc00ce73e83e4d5c7"

minimalistic-crypto-utils@^1.0.1:
  version "1.0.1"
  resolved "https://registry.yarnpkg.com/minimalistic-crypto-utils/-/minimalistic-crypto-utils-1.0.1.tgz#f6c00c1c0b082246e5c4d99dfb8c7c083b2b582a"

ms@2.1.2:
  version "2.1.2"
  resolved "https://registry.yarnpkg.com/ms/-/ms-2.1.2.tgz#d09d1f357b443f493382a8eb3ccd183872ae6009"

pbkdf2@^3.1.2:
  version "3.1.2"
  resolved "https://registry.yarnpkg.com/pbkdf2/-/pbkdf2-3.1.2.tgz#dd822aa0887580e52f1a039dc3eda108efae3075"
  integrity sha512-iuh7L6jA7JEGu2WxDwtQP1ddOpaJNC4KlDEFfdQajSGgGPNi4OyDc2R7QnbY2bR9QjBVGwgvTdNJZoE7RaxUMA==
  dependencies:
    create-hash "^1.1.2"
    create-hmac "^1.1.4"
    ripemd160 "^2.0.1"
    safe-buffer "^5.0.1"
    sha.js "^2.4.8"

readable-stream@^3.6.0:
  version "3.6.0"
  resolved "https://registry.yarnpkg.com/readable-stream/-/readable-stream-3.6.0.tgz#337bbda3adc0706bd3e024426a286d4b4b2c9198"
  dependencies:
    inherits "^2.0.3"
    string_decoder "^1.1.1"
    util-deprecate "^1.0.1"

ripemd160@^2.0.0, ripemd160@^2.0.1:
  version "2.0.2"
  resolved "https://registry.yarnpkg.com/ripemd160/-/ripemd160-2.0.2.tgz#a1c1a6f624751577ba5d07914cbc92850585890c"
  dependencies:
    hash-base "^3.0.0"
    inherits "^2.0.1"

rxjs@^6.6.3:
  version "6.6.7"
  resolved "https://registry.yarnpkg.com/rxjs/-/rxjs-6.6.7.tgz#90ac018acabf491bf65044235d5863c4dab804c9"
  integrity sha512-hTdwr+7yYNIT5n4AMYp85KA6yw2Va0FLa3Rguvbpa4W3I5xynaBZo41cM3XM+4Q6fRMj3sBYIR1VAmZMXYJvRQ==
  dependencies:
    tslib "^1.9.0"

safe-buffer@^5.0.1, safe-buffer@^5.1.2, safe-buffer@^5.2.0, safe-buffer@~5.2.0:
  version "5.2.1"
  resolved "https://registry.yarnpkg.com/safe-buffer/-/safe-buffer-5.2.1.tgz#1eaf9fa9bdb1fdd4ec75f58f9cdb4e6b7827eec6"

sha.js@^2.4.0, sha.js@^2.4.8:
  version "2.4.11"
  resolved "https://registry.yarnpkg.com/sha.js/-/sha.js-2.4.11.tgz#37a5cf0b81ecbc6943de109ba2960d1b26584ae7"
  dependencies:
    inherits "^2.0.1"
    safe-buffer "^5.0.1"

string_decoder@^1.1.1:
  version "1.3.0"
  resolved "https://registry.yarnpkg.com/string_decoder/-/string_decoder-1.3.0.tgz#42f114594a46cf1a8e30b0a84f56c78c3edac21e"
  dependencies:
    safe-buffer "~5.2.0"

strip-ansi@^6.0.0:
  version "6.0.1"
  resolved "https://registry.yarnpkg.com/strip-ansi/-/strip-ansi-6.0.1.tgz#9e26c63d30f53443e9489495b2105d37b67a85d9"
  dependencies:
    ansi-regex "^5.0.1"

supports-color@^7.1.0:
  version "7.2.0"
  resolved "https://registry.yarnpkg.com/supports-color/-/supports-color-7.2.0.tgz#1b7dcdcb32b8138801b3e478ba6a51caa89648da"
  dependencies:
    has-flag "^4.0.0"

tslib@^1.9.0:
  version "1.14.1"
  resolved "https://registry.yarnpkg.com/tslib/-/tslib-1.14.1.tgz#cf2d38bdc34a134bcaf1091c41f6619e2f672d00"
  integrity sha512-Xni35NKzjgMrwevysHTCArtLDpPvye8zV/0E4EyYn43P7/7qvQwPh9BGkHewbMulVntbigmcT7rdX3BNo9wRJg==

typedarray-to-buffer@^4.0.0:
  version "4.0.0"
  resolved "https://registry.yarnpkg.com/typedarray-to-buffer/-/typedarray-to-buffer-4.0.0.tgz#cdd2933c61dd3f5f02eda5d012d441f95bfeb50a"

util-deprecate@^1.0.1:
  version "1.0.2"
  resolved "https://registry.yarnpkg.com/util-deprecate/-/util-deprecate-1.0.2.tgz#450d4dc9fa70de732762fbd2d4a28981419a0ccf"

xhr2-cookies@^1.1.0:
  version "1.1.0"
  resolved "https://registry.yarnpkg.com/xhr2-cookies/-/xhr2-cookies-1.1.0.tgz#7d77449d0999197f155cb73b23df72505ed89d48"
  dependencies:
    cookiejar "^2.1.1"
