{
    "name": "hello-wallet",
    "version": "1.0.0",
    "lockfileVersion": 2,
    "requires": true,
    "packages": {
        "": {
            "name": "hello-wallet",
            "version": "1.0.0",
            "license": "ISC",
            "dependencies": {
                "@tonclient/appkit": "^0",
                "@tonclient/core": "^1",
                "@tonclient/lib-node": "^1"
            }
        },
        "node_modules/@tonclient/appkit": {
            "version": "0.3.0",
            "resolved": "https://registry.npmjs.org/@tonclient/appkit/-/appkit-0.3.0.tgz",
            "integrity": "sha512-ZIl3od8kQL/8zvhn+dnZpnaWxuBWrE2YaxIf+McURHLUG1l5aL/yzrIzUq5kgz/HokJnLaEMcCAhmO09FeofNw==",
            "dependencies": {
                "@tonclient/core": "^1"
            },
            "engines": {
                "node": ">=6"
            }
        },
        "node_modules/@tonclient/core": {
            "version": "1.30.0",
            "resolved": "https://registry.npmjs.org/@tonclient/core/-/core-1.30.0.tgz",
            "integrity": "sha512-/3ECtGoyOs22U3QjD0stxxPOS39tumFvkx2xly3QJmIUhZccoFMwgWzah8QelLz4+nzzaDJxGeVgiknfgsGSZg==",
            "engines": {
                "node": ">=6"
            }
        },
        "node_modules/@tonclient/lib-node": {
            "version": "1.30.0",
            "resolved": "https://registry.npmjs.org/@tonclient/lib-node/-/lib-node-1.30.0.tgz",
            "integrity": "sha512-gp2l5E0rDOJOYA3J9U0RxDu/kkUVkvGrQfOieyc6qd1EcwS+Zuac4KJvmrpxITkUBNDCJd2dhLeXoyOIjdQe/g==",
            "hasInstallScript": true,
            "engines": {
                "node": ">=6"
            }
        }
    },
    "dependencies": {
        "@tonclient/appkit": {
            "version": "0.3.0",
            "resolved": "https://registry.npmjs.org/@tonclient/appkit/-/appkit-0.3.0.tgz",
            "integrity": "sha512-ZIl3od8kQL/8zvhn+dnZpnaWxuBWrE2YaxIf+McURHLUG1l5aL/yzrIzUq5kgz/HokJnLaEMcCAhmO09FeofNw==",
            "requires": {
                "@tonclient/core": "^1"
            }
        },
        "@tonclient/core": {
            "version": "1.30.0",
            "resolved": "https://registry.npmjs.org/@tonclient/core/-/core-1.30.0.tgz",
            "integrity": "sha512-/3ECtGoyOs22U3QjD0stxxPOS39tumFvkx2xly3QJmIUhZccoFMwgWzah8QelLz4+nzzaDJxGeVgiknfgsGSZg=="
        },
        "@tonclient/lib-node": {
            "version": "1.30.0",
            "resolved": "https://registry.npmjs.org/@tonclient/lib-node/-/lib-node-1.30.0.tgz",
            "integrity": "sha512-gp2l5E0rDOJOYA3J9U0RxDu/kkUVkvGrQfOieyc6qd1EcwS+Zuac4KJvmrpxITkUBNDCJd2dhLeXoyOIjdQe/g=="
        }
    }
}
