# THIS IS AN AUTOGENERATED FILE. DO NOT EDIT THIS FILE DIRECTLY.
# yarn lockfile v1


"@tonclient/appkit@^0.3.0":
  version "0.3.0"
  resolved "https://registry.yarnpkg.com/@tonclient/appkit/-/appkit-0.3.0.tgz#bf5f975c5753ea426c9ef9f5dc0e849f6aad816d"
  integrity sha512-ZIl3od8kQL/8zvhn+dnZpnaWxuBWrE2YaxIf+McURHLUG1l5aL/yzrIzUq5kgz/HokJnLaEMcCAhmO09FeofNw==
  dependencies:
    "@tonclient/core" "^1"

"@tonclient/core@^1", "@tonclient/core@^1.30.0":
  version "1.30.0"
  resolved "https://registry.yarnpkg.com/@tonclient/core/-/core-1.30.0.tgz#789d919e51c8aa86a9718521b5658666e75b521d"
  integrity sha512-/3ECtGoyOs22U3QjD0stxxPOS39tumFvkx2xly3QJmIUhZccoFMwgWzah8QelLz4+nzzaDJxGeVgiknfgsGSZg==

"@tonclient/lib-node@^1.30.0":
  version "1.30.0"
  resolved "https://registry.yarnpkg.com/@tonclient/lib-node/-/lib-node-1.30.0.tgz#2ae938959f6d55ce93810b0920d4059088a5f6ab"
  integrity sha512-gp2l5E0rDOJOYA3J9U0RxDu/kkUVkvGrQfOieyc6qd1EcwS+Zuac4KJvmrpxITkUBNDCJd2dhLeXoyOIjdQe/g==

"@tonclient/lib-react-native@^1.30.0":
  version "1.30.0"
  resolved "https://registry.yarnpkg.com/@tonclient/lib-react-native/-/lib-react-native-1.30.0.tgz#6f411811a89270e60f775d8243f53f1784780ed6"
  integrity sha512-fGffUTA96iA6rcIWPlZJMjuWVjcBOkVPc5Z5BDAU1rKXm6vEKYbwRvKQFKrIjq3vCz/3d03ODL9dqWWprdaULw==

"@tonclient/lib-web@^1.30.0":
  version "1.30.0"
  resolved "https://registry.yarnpkg.com/@tonclient/lib-web/-/lib-web-1.30.0.tgz#d7f3cc86d1b1b01b31638f3794c023e341180b99"
  integrity sha512-N/njqBw+kgniFyWWfRZ7RzD3nhkC1DO6CFnoqxPFhal5pOqICaVMEky501tre4SvzsPrN4F9cu5J3BjcksX3ig==

"@types/node@^17.0.16":
  version "17.0.16"
  resolved "https://registry.yarnpkg.com/@types/node/-/node-17.0.16.tgz#e3733f46797b9df9e853ca9f719c8a6f7b84cd26"
  integrity sha512-ydLaGVfQOQ6hI1xK2A5nVh8bl0OGoIfYMxPWHqqYe9bTkWCfqiVvZoh2I/QF2sNSkZzZyROBoTefIEI+PB6iIA==

typescript@^4.5.5:
  version "4.5.5"
  resolved "https://registry.yarnpkg.com/typescript/-/typescript-4.5.5.tgz#d8c953832d28924a9e3d37c73d729c846c5896f3"
  integrity sha512-TCTIul70LyWe6IJWT8QSYeA54WQe8EjQFU4wY52Fasj5UKx88LNYKCgBEHcOMOrFF1rKGbD8v/xcNWVUq9SymA==
