{
  "name": "hello-wallet",
  "version": "1.0.0",
  "lockfileVersion": 1,
  "requires": true,
  "dependencies": {
    "@tonclient/appkit": {
      "version": "0.3.0",
      "resolved": "https://registry.npmjs.org/@tonclient/appkit/-/appkit-0.3.0.tgz",
      "integrity": "sha512-ZIl3od8kQL/8zvhn+dnZpnaWxuBWrE2YaxIf+McURHLUG1l5aL/yzrIzUq5kgz/HokJnLaEMcCAhmO09FeofNw==",
      "requires": {
        "@tonclient/core": "^1"
      }
    },
    "@tonclient/core": {
      "version": "1.30.0",
      "resolved": "https://registry.npmjs.org/@tonclient/core/-/core-1.30.0.tgz",
      "integrity": "sha512-/3ECtGoyOs22U3QjD0stxxPOS39tumFvkx2xly3QJmIUhZccoFMwgWzah8QelLz4+nzzaDJxGeVgiknfgsGSZg=="
    },
    "@tonclient/lib-node": {
      "version": "1.30.0",
      "resolved": "https://registry.npmjs.org/@tonclient/lib-node/-/lib-node-1.30.0.tgz",
      "integrity": "sha512-gp2l5E0rDOJOYA3J9U0RxDu/kkUVkvGrQfOieyc6qd1EcwS+Zuac4KJvmrpxITkUBNDCJd2dhLeXoyOIjdQe/g=="
    },
    "@tonclient/lib-react-native": {
      "version": "1.30.0",
      "resolved": "https://registry.npmjs.org/@tonclient/lib-react-native/-/lib-react-native-1.30.0.tgz",
      "integrity": "sha512-fGffUTA96iA6rcIWPlZJMjuWVjcBOkVPc5Z5BDAU1rKXm6vEKYbwRvKQFKrIjq3vCz/3d03ODL9dqWWprdaULw=="
    },
    "@tonclient/lib-web": {
      "version": "1.30.0",
      "resolved": "https://registry.npmjs.org/@tonclient/lib-web/-/lib-web-1.30.0.tgz",
      "integrity": "sha512-N/njqBw+kgniFyWWfRZ7RzD3nhkC1DO6CFnoqxPFhal5pOqICaVMEky501tre4SvzsPrN4F9cu5J3BjcksX3ig=="
    },
    "@types/node": {
      "version": "17.0.16",
      "resolved": "https://registry.npmjs.org/@types/node/-/node-17.0.16.tgz",
      "integrity": "sha512-ydLaGVfQOQ6hI1xK2A5nVh8bl0OGoIfYMxPWHqqYe9bTkWCfqiVvZoh2I/QF2sNSkZzZyROBoTefIEI+PB6iIA==",
      "dev": true
    },
    "typescript": {
      "version": "4.5.5",
      "resolved": "https://registry.npmjs.org/typescript/-/typescript-4.5.5.tgz",
      "integrity": "sha512-TCTIul70LyWe6IJWT8QSYeA54WQe8EjQFU4wY52Fasj5UKx88LNYKCgBEHcOMOrFF1rKGbD8v/xcNWVUq9SymA==",
      "dev": true
    }
  }
}
